{
  "name": "cloudflare-chat-worker",
  "lockfileVersion": 3,
  "requires": true,
  "packages": {
    "": {
      "name": "cloudflare-chat-worker",
      "dependencies": {
        "hono": "^4.7.0"
      }
    },
    "node_modules/hono": {
      "version": "4.12.25",
      "resolved": "https://registry.npmjs.org/hono/-/hono-4.12.25.tgz",
      "integrity": "sha512-2NFaIyNVgJmBs/ecmtGzlmluTFs5cHEWGTdu0t1HBwYzoGXOL5nUQBRMXsXWla5i4KkG//QMzVP88m1+I3fdAQ==",
      "license": "MIT",
      "engines": {
        "node": ">=16.9.0"
      }
    }
  }
}
